
Microsoft Visual Studio Solution File, Format Version 12.00
# Visual Studio Version 17
VisualStudioVersion = 17.3.32922.545
MinimumVisualStudioVersion = 10.0.40219.1
Project("{FAE04EC0-301F-11D3-BF4B-00C04F79EFBC}") = "YouTubeEgitim", "YouTubeEgitim\YouTubeEgitim.csproj", "{3E5F380C-54D7-4BC3-8D31-4F1B211A47FE}"
EndProject
Global
	GlobalSection(SolutionConfigurationPlatforms) = preSolution
		Debug|Any CPU = Debug|Any CPU
		Release|Any CPU = Release|Any CPU
	EndGlobalSection
	GlobalSection(ProjectConfigurationPlatforms) = postSolution
		{3E5F380C-54D7-4BC3-8D31-4F1B211A47FE}.Debug|Any CPU.ActiveCfg = Debug|Any CPU
		{3E5F380C-54D7-4BC3-8D31-4F1B211A47FE}.Debug|Any CPU.Build.0 = Debug|Any CPU
		{3E5F380C-54D7-4BC3-8D31-4F1B211A47FE}.Release|Any CPU.ActiveCfg = Release|Any CPU
		{3E5F380C-54D7-4BC3-8D31-4F1B211A47FE}.Release|Any CPU.Build.0 = Release|Any CPU
	EndGlobalSection
	GlobalSection(SolutionProperties) = preSolution
		HideSolutionNode = FALSE
	EndGlobalSection
	GlobalSection(ExtensibilityGlobals) = postSolution
		SolutionGuid = {5E7AEEF4-7CEC-41D3-9E11-9F43D5050A66}
	EndGlobalSection
EndGlobal
